
Microsoft Visual Studio Solution File, Format Version 12.00
# Visual Studio Version 16
VisualStudioVersion = 16.0.31019.35
MinimumVisualStudioVersion = 10.0.40219.1
Project("{FAE04EC0-301F-11D3-BF4B-00C04F79EFBC}") = "AgeCalculatorFeb22", "AgeCalculatorFeb22\AgeCalculatorFeb22.csproj", "{0899ADAF-0460-43A8-80AE-9554B0389D45}"
EndProject
Global
	GlobalSection(SolutionConfigurationPlatforms) = preSolution
		Debug|Any CPU = Debug|Any CPU
		Release|Any CPU = Release|Any CPU
	EndGlobalSection
	GlobalSection(ProjectConfigurationPlatforms) = postSolution
		{0899ADAF-0460-43A8-80AE-9554B0389D45}.Debug|Any CPU.ActiveCfg = Debug|Any CPU
		{0899ADAF-0460-43A8-80AE-9554B0389D45}.Debug|Any CPU.Build.0 = Debug|Any CPU
		{0899ADAF-0460-43A8-80AE-9554B0389D45}.Release|Any CPU.ActiveCfg = Release|Any CPU
		{0899ADAF-0460-43A8-80AE-9554B0389D45}.Release|Any CPU.Build.0 = Release|Any CPU
	EndGlobalSection
	GlobalSection(SolutionProperties) = preSolution
		HideSolutionNode = FALSE
	EndGlobalSection
	GlobalSection(ExtensibilityGlobals) = postSolution
		SolutionGuid = {18711DBC-29D6-4AC6-8352-A3C6C6A127A2}
	EndGlobalSection
EndGlobal
